
Microsoft Visual Studio Solution File, Format Version 12.00
# Visual Studio Version 17
VisualStudioVersion = 17.11.35327.3
MinimumVisualStudioVersion = 10.0.40219.1
Project("{2150E333-8FDC-42A3-9474-1A3956D46DE8}") = "Models", "Models", "{D6E13CB9-536A-4EEE-8258-686FDADF21DD}"
EndProject
Project("{2150E333-8FDC-42A3-9474-1A3956D46DE8}") = "ProjectInitial", "ProjectInitial", "{571BFEA1-6330-4923-A0B2-F5830415A1F6}"
EndProject
Project("{2150E333-8FDC-42A3-9474-1A3956D46DE8}") = "BusLogic", "BusLogic", "{A8F888BA-FBF8-48CC-9152-CF193ECAA5AF}"
EndProject
Project("{2150E333-8FDC-42A3-9474-1A3956D46DE8}") = "DataAccess", "DataAccess", "{079B9806-6A14-4E5C-AC5C-51AA3CF8E187}"
EndProject
Project("{2150E333-8FDC-42A3-9474-1A3956D46DE8}") = "Resourse", "Resourse", "{2385692A-3425-4006-900F-7BA1A18C423C}"
EndProject
Project("{FAE04EC0-301F-11D3-BF4B-00C04F79EFBC}") = "PMS.ServerInitial", "PMS_ServerInitial\PMS.ServerInitial.csproj", "{F6F365C6-BD78-4879-908D-9CC1930A573E}"
EndProject
Project("{FAE04EC0-301F-11D3-BF4B-00C04F79EFBC}") = "PMS.Server.Models", "PMS_Server_Models\PMS.Server.Models.csproj", "{CBE052FE-491E-4BD7-B64C-8A81D044CBAE}"
EndProject
Project("{FAE04EC0-301F-11D3-BF4B-00C04F79EFBC}") = "PMS.Server.IService", "PMS_Server_IService\PMS.Server.IService.csproj", "{D60AD1DA-630A-4935-9D03-3ACD487CC009}"
EndProject
Project("{FAE04EC0-301F-11D3-BF4B-00C04F79EFBC}") = "PMS.Server.Service", "PMS.Server.Service\PMS.Server.Service.csproj", "{397477D7-21D0-4140-9A21-945A217D22E6}"
EndProject
Project("{FAE04EC0-301F-11D3-BF4B-00C04F79EFBC}") = "PMS.Server.Entities", "PMS.Server.Entities\PMS.Server.Entities.csproj", "{3F4FBEC8-84B1-4F5C-80DB-C3B3F980B1C3}"
EndProject
Project("{FAE04EC0-301F-11D3-BF4B-00C04F79EFBC}") = "PMS.Server.Common", "PMS.Server.Common\PMS.Server.Common.csproj", "{68961C36-F86B-4AC6-803E-780FB7684889}"
EndProject
Global
	GlobalSection(SolutionConfigurationPlatforms) = preSolution
		Debug|Any CPU = Debug|Any CPU
		Release|Any CPU = Release|Any CPU
	EndGlobalSection
	GlobalSection(ProjectConfigurationPlatforms) = postSolution
		{F6F365C6-BD78-4879-908D-9CC1930A573E}.Debug|Any CPU.ActiveCfg = Debug|Any CPU
		{F6F365C6-BD78-4879-908D-9CC1930A573E}.Debug|Any CPU.Build.0 = Debug|Any CPU
		{F6F365C6-BD78-4879-908D-9CC1930A573E}.Release|Any CPU.ActiveCfg = Release|Any CPU
		{F6F365C6-BD78-4879-908D-9CC1930A573E}.Release|Any CPU.Build.0 = Release|Any CPU
		{CBE052FE-491E-4BD7-B64C-8A81D044CBAE}.Debug|Any CPU.ActiveCfg = Debug|Any CPU
		{CBE052FE-491E-4BD7-B64C-8A81D044CBAE}.Debug|Any CPU.Build.0 = Debug|Any CPU
		{CBE052FE-491E-4BD7-B64C-8A81D044CBAE}.Release|Any CPU.ActiveCfg = Release|Any CPU
		{CBE052FE-491E-4BD7-B64C-8A81D044CBAE}.Release|Any CPU.Build.0 = Release|Any CPU
		{D60AD1DA-630A-4935-9D03-3ACD487CC009}.Debug|Any CPU.ActiveCfg = Debug|Any CPU
		{D60AD1DA-630A-4935-9D03-3ACD487CC009}.Debug|Any CPU.Build.0 = Debug|Any CPU
		{D60AD1DA-630A-4935-9D03-3ACD487CC009}.Release|Any CPU.ActiveCfg = Release|Any CPU
		{D60AD1DA-630A-4935-9D03-3ACD487CC009}.Release|Any CPU.Build.0 = Release|Any CPU
		{397477D7-21D0-4140-9A21-945A217D22E6}.Debug|Any CPU.ActiveCfg = Debug|Any CPU
		{397477D7-21D0-4140-9A21-945A217D22E6}.Debug|Any CPU.Build.0 = Debug|Any CPU
		{397477D7-21D0-4140-9A21-945A217D22E6}.Release|Any CPU.ActiveCfg = Release|Any CPU
		{397477D7-21D0-4140-9A21-945A217D22E6}.Release|Any CPU.Build.0 = Release|Any CPU
		{3F4FBEC8-84B1-4F5C-80DB-C3B3F980B1C3}.Debug|Any CPU.ActiveCfg = Debug|Any CPU
		{3F4FBEC8-84B1-4F5C-80DB-C3B3F980B1C3}.Debug|Any CPU.Build.0 = Debug|Any CPU
		{3F4FBEC8-84B1-4F5C-80DB-C3B3F980B1C3}.Release|Any CPU.ActiveCfg = Release|Any CPU
		{3F4FBEC8-84B1-4F5C-80DB-C3B3F980B1C3}.Release|Any CPU.Build.0 = Release|Any CPU
		{68961C36-F86B-4AC6-803E-780FB7684889}.Debug|Any CPU.ActiveCfg = Debug|Any CPU
		{68961C36-F86B-4AC6-803E-780FB7684889}.Debug|Any CPU.Build.0 = Debug|Any CPU
		{68961C36-F86B-4AC6-803E-780FB7684889}.Release|Any CPU.ActiveCfg = Release|Any CPU
		{68961C36-F86B-4AC6-803E-780FB7684889}.Release|Any CPU.Build.0 = Release|Any CPU
	EndGlobalSection
	GlobalSection(SolutionProperties) = preSolution
		HideSolutionNode = FALSE
	EndGlobalSection
	GlobalSection(NestedProjects) = preSolution
		{F6F365C6-BD78-4879-908D-9CC1930A573E} = {571BFEA1-6330-4923-A0B2-F5830415A1F6}
		{CBE052FE-491E-4BD7-B64C-8A81D044CBAE} = {D6E13CB9-536A-4EEE-8258-686FDADF21DD}
		{D60AD1DA-630A-4935-9D03-3ACD487CC009} = {A8F888BA-FBF8-48CC-9152-CF193ECAA5AF}
		{397477D7-21D0-4140-9A21-945A217D22E6} = {A8F888BA-FBF8-48CC-9152-CF193ECAA5AF}
		{3F4FBEC8-84B1-4F5C-80DB-C3B3F980B1C3} = {079B9806-6A14-4E5C-AC5C-51AA3CF8E187}
		{68961C36-F86B-4AC6-803E-780FB7684889} = {2385692A-3425-4006-900F-7BA1A18C423C}
	EndGlobalSection
	GlobalSection(ExtensibilityGlobals) = postSolution
		SolutionGuid = {DE290DB9-F880-45C6-AA9D-1D1E8BDCBE7D}
	EndGlobalSection
EndGlobal
