
Microsoft Visual Studio Solution File, Format Version 12.00
# Visual Studio Version 17
VisualStudioVersion = 17.11.35327.3
MinimumVisualStudioVersion = 10.0.40219.1
Project("{2150E333-8FDC-42A3-9474-1A3956D46DE8}") = "ProjectsInitial", "ProjectsInitial", "{DFAE8346-C63B-4213-B349-9EDDAAD62AAD}"
EndProject
Project("{2150E333-8FDC-42A3-9474-1A3956D46DE8}") = "BusModule", "BusModule", "{2BE678AB-D653-4C8B-AE7A-10F85F6752FD}"
EndProject
Project("{2150E333-8FDC-42A3-9474-1A3956D46DE8}") = "BusLogic", "BusLogic", "{0DFFACC2-C494-442A-9827-1CDE2951A1B8}"
EndProject
Project("{2150E333-8FDC-42A3-9474-1A3956D46DE8}") = "DataAccess", "DataAccess", "{123E9DB2-FC13-47D3-8CC1-920BB8049CB6}"
EndProject
Project("{2150E333-8FDC-42A3-9474-1A3956D46DE8}") = "Resources", "Resources", "{980B25CE-67D4-467E-8D76-0DD878968876}"
EndProject
Project("{9A19103F-16F7-4668-BE54-9A1E7A4F7556}") = "PMS.Client.Initial", "PMS.Client.Initial\PMS.Client.Initial.csproj", "{2B6183DA-EE37-4B6A-83C3-14FE3669A59D}"
EndProject
Project("{9A19103F-16F7-4668-BE54-9A1E7A4F7556}") = "PMS.Client.FileModule", "PMS.Client.FileModule\PMS.Client.FileModule.csproj", "{98807C70-18C3-4611-B31A-040D8FAC39C5}"
EndProject
Project("{9A19103F-16F7-4668-BE54-9A1E7A4F7556}") = "PMS.Client.IBll", "PMS.Client.IBll\PMS.Client.IBll.csproj", "{6CCD0257-49DB-4050-9D18-562A4FB9FE48}"
EndProject
Project("{9A19103F-16F7-4668-BE54-9A1E7A4F7556}") = "PMS.Client.Bll", "PMS.Client.Bll\PMS.Client.Bll.csproj", "{CD024049-AB6E-4583-90C4-C0A39AC134CD}"
EndProject
Project("{9A19103F-16F7-4668-BE54-9A1E7A4F7556}") = "PMS.Client.IDAL", "PMS.Client.IDAL\PMS.Client.IDAL.csproj", "{F726226D-1E99-4663-A657-5CFE609AA8BF}"
EndProject
Project("{9A19103F-16F7-4668-BE54-9A1E7A4F7556}") = "PMS.Client.DAL", "PMS.Client.DAL\PMS.Client.DAL.csproj", "{AB111108-EA08-4979-B7F9-B77F7B3B5E37}"
EndProject
Project("{9A19103F-16F7-4668-BE54-9A1E7A4F7556}") = "PMS.Client.Assets", "PMS.Client.Assets\PMS.Client.Assets.csproj", "{680EEC6B-6FD6-4C1A-8462-B24BBD13B371}"
EndProject
Project("{9A19103F-16F7-4668-BE54-9A1E7A4F7556}") = "PMS.Client.Entities", "PMS.Client.Entities\PMS.Client.Entities.csproj", "{F56D8621-5550-4911-B191-CE3DDF4D3A58}"
EndProject
Project("{FAE04EC0-301F-11D3-BF4B-00C04F79EFBC}") = "PMS.Client.Upgrade", "PMS.Client.Upgrade\PMS.Client.Upgrade.csproj", "{3DD80EFF-DA15-49AA-9086-B41541EA2DA0}"
EndProject
Global
	GlobalSection(SolutionConfigurationPlatforms) = preSolution
		Debug|Any CPU = Debug|Any CPU
		Release|Any CPU = Release|Any CPU
	EndGlobalSection
	GlobalSection(ProjectConfigurationPlatforms) = postSolution
		{2B6183DA-EE37-4B6A-83C3-14FE3669A59D}.Debug|Any CPU.ActiveCfg = Debug|Any CPU
		{2B6183DA-EE37-4B6A-83C3-14FE3669A59D}.Debug|Any CPU.Build.0 = Debug|Any CPU
		{2B6183DA-EE37-4B6A-83C3-14FE3669A59D}.Release|Any CPU.ActiveCfg = Release|Any CPU
		{2B6183DA-EE37-4B6A-83C3-14FE3669A59D}.Release|Any CPU.Build.0 = Release|Any CPU
		{98807C70-18C3-4611-B31A-040D8FAC39C5}.Debug|Any CPU.ActiveCfg = Debug|Any CPU
		{98807C70-18C3-4611-B31A-040D8FAC39C5}.Debug|Any CPU.Build.0 = Debug|Any CPU
		{98807C70-18C3-4611-B31A-040D8FAC39C5}.Release|Any CPU.ActiveCfg = Release|Any CPU
		{98807C70-18C3-4611-B31A-040D8FAC39C5}.Release|Any CPU.Build.0 = Release|Any CPU
		{6CCD0257-49DB-4050-9D18-562A4FB9FE48}.Debug|Any CPU.ActiveCfg = Debug|Any CPU
		{6CCD0257-49DB-4050-9D18-562A4FB9FE48}.Debug|Any CPU.Build.0 = Debug|Any CPU
		{6CCD0257-49DB-4050-9D18-562A4FB9FE48}.Release|Any CPU.ActiveCfg = Release|Any CPU
		{6CCD0257-49DB-4050-9D18-562A4FB9FE48}.Release|Any CPU.Build.0 = Release|Any CPU
		{CD024049-AB6E-4583-90C4-C0A39AC134CD}.Debug|Any CPU.ActiveCfg = Debug|Any CPU
		{CD024049-AB6E-4583-90C4-C0A39AC134CD}.Debug|Any CPU.Build.0 = Debug|Any CPU
		{CD024049-AB6E-4583-90C4-C0A39AC134CD}.Release|Any CPU.ActiveCfg = Release|Any CPU
		{CD024049-AB6E-4583-90C4-C0A39AC134CD}.Release|Any CPU.Build.0 = Release|Any CPU
		{F726226D-1E99-4663-A657-5CFE609AA8BF}.Debug|Any CPU.ActiveCfg = Debug|Any CPU
		{F726226D-1E99-4663-A657-5CFE609AA8BF}.Debug|Any CPU.Build.0 = Debug|Any CPU
		{F726226D-1E99-4663-A657-5CFE609AA8BF}.Release|Any CPU.ActiveCfg = Release|Any CPU
		{F726226D-1E99-4663-A657-5CFE609AA8BF}.Release|Any CPU.Build.0 = Release|Any CPU
		{AB111108-EA08-4979-B7F9-B77F7B3B5E37}.Debug|Any CPU.ActiveCfg = Debug|Any CPU
		{AB111108-EA08-4979-B7F9-B77F7B3B5E37}.Debug|Any CPU.Build.0 = Debug|Any CPU
		{AB111108-EA08-4979-B7F9-B77F7B3B5E37}.Release|Any CPU.ActiveCfg = Release|Any CPU
		{AB111108-EA08-4979-B7F9-B77F7B3B5E37}.Release|Any CPU.Build.0 = Release|Any CPU
		{680EEC6B-6FD6-4C1A-8462-B24BBD13B371}.Debug|Any CPU.ActiveCfg = Debug|Any CPU
		{680EEC6B-6FD6-4C1A-8462-B24BBD13B371}.Debug|Any CPU.Build.0 = Debug|Any CPU
		{680EEC6B-6FD6-4C1A-8462-B24BBD13B371}.Release|Any CPU.ActiveCfg = Release|Any CPU
		{680EEC6B-6FD6-4C1A-8462-B24BBD13B371}.Release|Any CPU.Build.0 = Release|Any CPU
		{F56D8621-5550-4911-B191-CE3DDF4D3A58}.Debug|Any CPU.ActiveCfg = Debug|Any CPU
		{F56D8621-5550-4911-B191-CE3DDF4D3A58}.Debug|Any CPU.Build.0 = Debug|Any CPU
		{F56D8621-5550-4911-B191-CE3DDF4D3A58}.Release|Any CPU.ActiveCfg = Release|Any CPU
		{F56D8621-5550-4911-B191-CE3DDF4D3A58}.Release|Any CPU.Build.0 = Release|Any CPU
		{3DD80EFF-DA15-49AA-9086-B41541EA2DA0}.Debug|Any CPU.ActiveCfg = Debug|Any CPU
		{3DD80EFF-DA15-49AA-9086-B41541EA2DA0}.Debug|Any CPU.Build.0 = Debug|Any CPU
		{3DD80EFF-DA15-49AA-9086-B41541EA2DA0}.Release|Any CPU.ActiveCfg = Release|Any CPU
		{3DD80EFF-DA15-49AA-9086-B41541EA2DA0}.Release|Any CPU.Build.0 = Release|Any CPU
	EndGlobalSection
	GlobalSection(SolutionProperties) = preSolution
		HideSolutionNode = FALSE
	EndGlobalSection
	GlobalSection(NestedProjects) = preSolution
		{2B6183DA-EE37-4B6A-83C3-14FE3669A59D} = {DFAE8346-C63B-4213-B349-9EDDAAD62AAD}
		{98807C70-18C3-4611-B31A-040D8FAC39C5} = {2BE678AB-D653-4C8B-AE7A-10F85F6752FD}
		{6CCD0257-49DB-4050-9D18-562A4FB9FE48} = {0DFFACC2-C494-442A-9827-1CDE2951A1B8}
		{CD024049-AB6E-4583-90C4-C0A39AC134CD} = {0DFFACC2-C494-442A-9827-1CDE2951A1B8}
		{F726226D-1E99-4663-A657-5CFE609AA8BF} = {123E9DB2-FC13-47D3-8CC1-920BB8049CB6}
		{AB111108-EA08-4979-B7F9-B77F7B3B5E37} = {123E9DB2-FC13-47D3-8CC1-920BB8049CB6}
		{680EEC6B-6FD6-4C1A-8462-B24BBD13B371} = {980B25CE-67D4-467E-8D76-0DD878968876}
		{F56D8621-5550-4911-B191-CE3DDF4D3A58} = {980B25CE-67D4-467E-8D76-0DD878968876}
		{3DD80EFF-DA15-49AA-9086-B41541EA2DA0} = {DFAE8346-C63B-4213-B349-9EDDAAD62AAD}
	EndGlobalSection
	GlobalSection(ExtensibilityGlobals) = postSolution
		SolutionGuid = {86C3685A-F9EA-4272-B16D-0DD3FC8EC2ED}
	EndGlobalSection
EndGlobal
